# @generated - this file is auto-generated by `mise lock` https://mise.jdx.dev/dev-tools/mise-lock.html

[[tools.terragrunt]]
version = "1.1.1"
backend = "aqua:gruntwork-io/terragrunt"

[tools.terragrunt."platforms.linux-arm64"]
checksum = "sha256:a374a7993ff3d99665a7e014007d3647ec7f0465c9d55c85e9f94c932e73cea2"
url = "https://github.com/gruntwork-io/terragrunt/releases/download/v1.1.1/terragrunt_linux_arm64.tar.gz"
url_api = "https://api.github.com/repos/gruntwork-io/terragrunt/releases/assets/476786148"

[tools.terragrunt."platforms.linux-arm64-musl"]
checksum = "sha256:a374a7993ff3d99665a7e014007d3647ec7f0465c9d55c85e9f94c932e73cea2"
url = "https://github.com/gruntwork-io/terragrunt/releases/download/v1.1.1/terragrunt_linux_arm64.tar.gz"
url_api = "https://api.github.com/repos/gruntwork-io/terragrunt/releases/assets/476786148"

[tools.terragrunt."platforms.linux-x64"]
checksum = "sha256:ce90077ac31ef17a2ba10d11d45f36c6501997a8f4f79d703bb7daba37032f53"
url = "https://github.com/gruntwork-io/terragrunt/releases/download/v1.1.1/terragrunt_linux_amd64.tar.gz"
url_api = "https://api.github.com/repos/gruntwork-io/terragrunt/releases/assets/476785968"

[tools.terragrunt."platforms.linux-x64-musl"]
checksum = "sha256:ce90077ac31ef17a2ba10d11d45f36c6501997a8f4f79d703bb7daba37032f53"
url = "https://github.com/gruntwork-io/terragrunt/releases/download/v1.1.1/terragrunt_linux_amd64.tar.gz"
url_api = "https://api.github.com/repos/gruntwork-io/terragrunt/releases/assets/476785968"

[tools.terragrunt."platforms.macos-arm64"]
checksum = "sha256:9ec8f678b9ae6c81d5d9d77b94cbf6349ce639d5938694b4adc9dea73e416794"
url = "https://github.com/gruntwork-io/terragrunt/releases/download/v1.1.1/terragrunt_darwin_arm64.tar.gz"
url_api = "https://api.github.com/repos/gruntwork-io/terragrunt/releases/assets/476785628"

[tools.terragrunt."platforms.macos-x64"]
checksum = "sha256:73e768a69fa44a60f9d9174f54aaf179327e08706f633c9c79d5f5c9622c91c2"
url = "https://github.com/gruntwork-io/terragrunt/releases/download/v1.1.1/terragrunt_darwin_amd64.tar.gz"
url_api = "https://api.github.com/repos/gruntwork-io/terragrunt/releases/assets/476785520"

[tools.terragrunt."platforms.windows-x64"]
checksum = "sha256:dd50a324691e072a3ac879e9ec43d6310e2936c929fda658eb2811fefcc75115"
url = "https://github.com/gruntwork-io/terragrunt/releases/download/v1.1.1/terragrunt_windows_amd64.exe.tar.gz"
url_api = "https://api.github.com/repos/gruntwork-io/terragrunt/releases/assets/476786421"
