# @generated - this file is auto-generated by `mise lock` https://mise.jdx.dev/dev-tools/mise-lock.html

[[tools.terragrunt]]
version = "1.1.6"
backend = "aqua:gruntwork-io/terragrunt"

[tools.terragrunt."platforms.linux-arm64"]
checksum = "sha256:6f26b85e0befe77ac5f6777f810d8560e56a55cf87d9980fc2b9e29b2d347377"
url = "https://github.com/gruntwork-io/terragrunt/releases/download/v1.1.6/terragrunt_linux_arm64.tar.gz"
url_api = "https://api.github.com/repos/gruntwork-io/terragrunt/releases/assets/579002232"

[tools.terragrunt."platforms.linux-arm64-musl"]
checksum = "sha256:6f26b85e0befe77ac5f6777f810d8560e56a55cf87d9980fc2b9e29b2d347377"
url = "https://github.com/gruntwork-io/terragrunt/releases/download/v1.1.6/terragrunt_linux_arm64.tar.gz"
url_api = "https://api.github.com/repos/gruntwork-io/terragrunt/releases/assets/579002232"

[tools.terragrunt."platforms.linux-x64"]
checksum = "sha256:5dca0e3518445199ecfd8c356532e3f134bf3082b092cd2fd61f143ab9ea7a06"
url = "https://github.com/gruntwork-io/terragrunt/releases/download/v1.1.6/terragrunt_linux_amd64.tar.gz"
url_api = "https://api.github.com/repos/gruntwork-io/terragrunt/releases/assets/579002043"

[tools.terragrunt."platforms.linux-x64-musl"]
checksum = "sha256:5dca0e3518445199ecfd8c356532e3f134bf3082b092cd2fd61f143ab9ea7a06"
url = "https://github.com/gruntwork-io/terragrunt/releases/download/v1.1.6/terragrunt_linux_amd64.tar.gz"
url_api = "https://api.github.com/repos/gruntwork-io/terragrunt/releases/assets/579002043"

[tools.terragrunt."platforms.macos-arm64"]
checksum = "sha256:c801b7c085a893ccbc5b9844522415e7bf1486d0a11341db793e76e61dc4c5f5"
url = "https://github.com/gruntwork-io/terragrunt/releases/download/v1.1.6/terragrunt_darwin_arm64.tar.gz"
url_api = "https://api.github.com/repos/gruntwork-io/terragrunt/releases/assets/579001652"

[tools.terragrunt."platforms.macos-x64"]
checksum = "sha256:bcf9f95a8ff2af20998a7baca477a5ea2b2869c86ca4d4d787c619612b00d257"
url = "https://github.com/gruntwork-io/terragrunt/releases/download/v1.1.6/terragrunt_darwin_amd64.tar.gz"
url_api = "https://api.github.com/repos/gruntwork-io/terragrunt/releases/assets/579001440"

[tools.terragrunt."platforms.windows-x64"]
checksum = "sha256:0f71dae898d43e50a5935c4e74062c53253c0c8e4aded0ccb302a7ae6fdceaa3"
url = "https://github.com/gruntwork-io/terragrunt/releases/download/v1.1.6/terragrunt_windows_amd64.exe.tar.gz"
url_api = "https://api.github.com/repos/gruntwork-io/terragrunt/releases/assets/579002572"
